
Microsoft Visual Studio Solution File, Format Version 12.00
# Visual Studio 15
VisualStudioVersion = 15.0.27703.2026
MinimumVisualStudioVersion = 10.0.40219.1
Project("{FAE04EC0-301F-11D3-BF4B-00C04F79EFBC}") = "最短路径", "最短路径\最短路径.csproj", "{A0597ED4-3C66-4E87-9094-E11445FE7CE3}"
EndProject
Project("{FAE04EC0-301F-11D3-BF4B-00C04F79EFBC}") = "高德地图测试", "高德地图测试\高德地图测试.csproj", "{2EA926DD-1181-4525-B9AC-DBC0F125EED7}"
EndProject
Global
	GlobalSection(SolutionConfigurationPlatforms) = preSolution
		Debug|Any CPU = Debug|Any CPU
		Release|Any CPU = Release|Any CPU
	EndGlobalSection
	GlobalSection(ProjectConfigurationPlatforms) = postSolution
		{A0597ED4-3C66-4E87-9094-E11445FE7CE3}.Debug|Any CPU.ActiveCfg = Debug|Any CPU
		{A0597ED4-3C66-4E87-9094-E11445FE7CE3}.Debug|Any CPU.Build.0 = Debug|Any CPU
		{A0597ED4-3C66-4E87-9094-E11445FE7CE3}.Release|Any CPU.ActiveCfg = Release|Any CPU
		{A0597ED4-3C66-4E87-9094-E11445FE7CE3}.Release|Any CPU.Build.0 = Release|Any CPU
		{2EA926DD-1181-4525-B9AC-DBC0F125EED7}.Debug|Any CPU.ActiveCfg = Debug|Any CPU
		{2EA926DD-1181-4525-B9AC-DBC0F125EED7}.Debug|Any CPU.Build.0 = Debug|Any CPU
		{2EA926DD-1181-4525-B9AC-DBC0F125EED7}.Release|Any CPU.ActiveCfg = Release|Any CPU
		{2EA926DD-1181-4525-B9AC-DBC0F125EED7}.Release|Any CPU.Build.0 = Release|Any CPU
	EndGlobalSection
	GlobalSection(SolutionProperties) = preSolution
		HideSolutionNode = FALSE
	EndGlobalSection
	GlobalSection(ExtensibilityGlobals) = postSolution
		SolutionGuid = {3396904D-A2B7-4355-B92A-4F396381E630}
	EndGlobalSection
EndGlobal
